// !$*UTF8*$!
{
	archiveVersion = 1;
	classes = {
	};
	objectVersion = 46;
	objects = {

/* Begin PBXBuildFile section */
		FD6266F61DF94FA700536BC2 /* AppDelegate.m in Sources */ = {isa = PBXBuildFile; fileRef = FD9481A41DF80E8D00AB75F3 /* AppDelegate.m */; };
		FD6266F71DF94FAB00536BC2 /* ViewController.m in Sources */ = {isa = PBXBuildFile; fileRef = FD9481A71DF80E8D00AB75F3 /* ViewController.m */; };
		FD6266F81DF94FAF00536BC2 /* main.m in Sources */ = {isa = PBXBuildFile; fileRef = FD9481A11DF80E8D00AB75F3 /* main.m */; };
		FD6267091DF9514500536BC2 /* libz.tbd in Frameworks */ = {isa = PBXBuildFile; fileRef = FD6267081DF9514500536BC2 /* libz.tbd */; };
		FD9481AB1DF80E8D00AB75F3 /* Main.storyboard in Resources */ = {isa = PBXBuildFile; fileRef = FD9481A91DF80E8D00AB75F3 /* Main.storyboard */; };
		FD9481AD1DF80E8D00AB75F3 /* Assets.xcassets in Resources */ = {isa = PBXBuildFile; fileRef = FD9481AC1DF80E8D00AB75F3 /* Assets.xcassets */; };
		FD9481B01DF80E8D00AB75F3 /* LaunchScreen.storyboard in Resources */ = {isa = PBXBuildFile; fileRef = FD9481AE1DF80E8D00AB75F3 /* LaunchScreen.storyboard */; };
		FD9481BB1DF80E8D00AB75F3 /* JSCategoryDemoTests.m in Sources */ = {isa = PBXBuildFile; fileRef = FD9481BA1DF80E8D00AB75F3 /* JSCategoryDemoTests.m */; };
		FD9481C61DF80E8D00AB75F3 /* JSCategoryDemoUITests.m in Sources */ = {isa = PBXBuildFile; fileRef = FD9481C51DF80E8D00AB75F3 /* JSCategoryDemoUITests.m */; };
		FDEE65FC1DFE2A120078EE14 /* NSDate+JSCategory.m in Sources */ = {isa = PBXBuildFile; fileRef = FDEE65FB1DFE2A120078EE14 /* NSDate+JSCategory.m */; };
		FDEE66041DFE5D950078EE14 /* NSData+JSCategory.m in Sources */ = {isa = PBXBuildFile; fileRef = FDEE66031DFE5D950078EE14 /* NSData+JSCategory.m */; };
		FDEE66071DFE92510078EE14 /* NSString+JSCategory.m in Sources */ = {isa = PBXBuildFile; fileRef = FDEE66061DFE92510078EE14 /* NSString+JSCategory.m */; };
		FDEE660B1DFEAB830078EE14 /* NSNumber+JSCategory.m in Sources */ = {isa = PBXBuildFile; fileRef = FDEE660A1DFEAB830078EE14 /* NSNumber+JSCategory.m */; };
/* End PBXBuildFile section */

/* Begin PBXContainerItemProxy section */
		FD9481B71DF80E8D00AB75F3 /* PBXContainerItemProxy */ = {
			isa = PBXContainerItemProxy;
			containerPortal = FD9481951DF80E8D00AB75F3 /* Project object */;
			proxyType = 1;
			remoteGlobalIDString = FD94819C1DF80E8D00AB75F3;
			remoteInfo = JSCategoryDemo;
		};
		FD9481C21DF80E8D00AB75F3 /* PBXContainerItemProxy */ = {
			isa = PBXContainerItemProxy;
			containerPortal = FD9481951DF80E8D00AB75F3 /* Project object */;
			proxyType = 1;
			remoteGlobalIDString = FD94819C1DF80E8D00AB75F3;
			remoteInfo = JSCategoryDemo;
		};
/* End PBXContainerItemProxy section */

/* Begin PBXFileReference section */
		FD6266FA1DF9510500536BC2 /* CoreGraphics.framework */ = {isa = PBXFileReference; lastKnownFileType = wrapper.framework; name = CoreGraphics.framework; path = System/Library/Frameworks/CoreGraphics.framework; sourceTree = SDKROOT; };
		FD6266FC1DF9510E00536BC2 /* QuartzCore.framework */ = {isa = PBXFileReference; lastKnownFileType = wrapper.framework; name = QuartzCore.framework; path = System/Library/Frameworks/QuartzCore.framework; sourceTree = SDKROOT; };
		FD6266FE1DF9511700536BC2 /* Accelerate.framework */ = {isa = PBXFileReference; lastKnownFileType = wrapper.framework; name = Accelerate.framework; path = System/Library/Frameworks/Accelerate.framework; sourceTree = SDKROOT; };
		FD6267001DF9511F00536BC2 /* ImageIO.framework */ = {isa = PBXFileReference; lastKnownFileType = wrapper.framework; name = ImageIO.framework; path = System/Library/Frameworks/ImageIO.framework; sourceTree = SDKROOT; };
		FD6267021DF9512900536BC2 /* CoreText.framework */ = {isa = PBXFileReference; lastKnownFileType = wrapper.framework; name = CoreText.framework; path = System/Library/Frameworks/CoreText.framework; sourceTree = SDKROOT; };
		FD6267041DF9513200536BC2 /* CoreFoundation.framework */ = {isa = PBXFileReference; lastKnownFileType = wrapper.framework; name = CoreFoundation.framework; path = System/Library/Frameworks/CoreFoundation.framework; sourceTree = SDKROOT; };
		FD6267061DF9513A00536BC2 /* UIKit.framework */ = {isa = PBXFileReference; lastKnownFileType = wrapper.framework; name = UIKit.framework; path = System/Library/Frameworks/UIKit.framework; sourceTree = SDKROOT; };
		FD6267081DF9514500536BC2 /* libz.tbd */ = {isa = PBXFileReference; lastKnownFileType = "sourcecode.text-based-dylib-definition"; name = libz.tbd; path = usr/lib/libz.tbd; sourceTree = SDKROOT; };
		FD94819D1DF80E8D00AB75F3 /* JSCategoryDemo.app */ = {isa = PBXFileReference; explicitFileType = wrapper.application; includeInIndex = 0; path = JSCategoryDemo.app; sourceTree = BUILT_PRODUCTS_DIR; };
		FD9481A11DF80E8D00AB75F3 /* main.m */ = {isa = PBXFileReference; lastKnownFileType = sourcecode.c.objc; path = main.m; sourceTree = "<group>"; };
		FD9481A31DF80E8D00AB75F3 /* AppDelegate.h */ = {isa = PBXFileReference; lastKnownFileType = sourcecode.c.h; path = AppDelegate.h; sourceTree = "<group>"; };
		FD9481A41DF80E8D00AB75F3 /* AppDelegate.m */ = {isa = PBXFileReference; lastKnownFileType = sourcecode.c.objc; path = AppDelegate.m; sourceTree = "<group>"; };
		FD9481A61DF80E8D00AB75F3 /* ViewController.h */ = {isa = PBXFileReference; lastKnownFileType = sourcecode.c.h; path = ViewController.h; sourceTree = "<group>"; };
		FD9481A71DF80E8D00AB75F3 /* ViewController.m */ = {isa = PBXFileReference; lastKnownFileType = sourcecode.c.objc; path = ViewController.m; sourceTree = "<group>"; };
		FD9481AA1DF80E8D00AB75F3 /* Base */ = {isa = PBXFileReference; lastKnownFileType = file.storyboard; name = Base; path = Base.lproj/Main.storyboard; sourceTree = "<group>"; };
		FD9481AC1DF80E8D00AB75F3 /* Assets.xcassets */ = {isa = PBXFileReference; lastKnownFileType = folder.assetcatalog; path = Assets.xcassets; sourceTree = "<group>"; };
		FD9481AF1DF80E8D00AB75F3 /* Base */ = {isa = PBXFileReference; lastKnownFileType = file.storyboard; name = Base; path = Base.lproj/LaunchScreen.storyboard; sourceTree = "<group>"; };
		FD9481B11DF80E8D00AB75F3 /* Info.plist */ = {isa = PBXFileReference; lastKnownFileType = text.plist.xml; path = Info.plist; sourceTree = "<group>"; };
		FD9481B61DF80E8D00AB75F3 /* JSCategoryDemoTests.xctest */ = {isa = PBXFileReference; explicitFileType = wrapper.cfbundle; includeInIndex = 0; path = JSCategoryDemoTests.xctest; sourceTree = BUILT_PRODUCTS_DIR; };
		FD9481BA1DF80E8D00AB75F3 /* JSCategoryDemoTests.m */ = {isa = PBXFileReference; lastKnownFileType = sourcecode.c.objc; path = JSCategoryDemoTests.m; sourceTree = "<group>"; };
		FD9481BC1DF80E8D00AB75F3 /* Info.plist */ = {isa = PBXFileReference; lastKnownFileType = text.plist.xml; path = Info.plist; sourceTree = "<group>"; };
		FD9481C11DF80E8D00AB75F3 /* JSCategoryDemoUITests.xctest */ = {isa = PBXFileReference; explicitFileType = wrapper.cfbundle; includeInIndex = 0; path = JSCategoryDemoUITests.xctest; sourceTree = BUILT_PRODUCTS_DIR; };
		FD9481C51DF80E8D00AB75F3 /* JSCategoryDemoUITests.m */ = {isa = PBXFileReference; lastKnownFileType = sourcecode.c.objc; path = JSCategoryDemoUITests.m; sourceTree = "<group>"; };
		FD9481C71DF80E8D00AB75F3 /* Info.plist */ = {isa = PBXFileReference; lastKnownFileType = text.plist.xml; path = Info.plist; sourceTree = "<group>"; };
		FDEE65FA1DFE2A120078EE14 /* NSDate+JSCategory.h */ = {isa = PBXFileReference; fileEncoding = 4; lastKnownFileType = sourcecode.c.h; path = "NSDate+JSCategory.h"; sourceTree = "<group>"; };
		FDEE65FB1DFE2A120078EE14 /* NSDate+JSCategory.m */ = {isa = PBXFileReference; fileEncoding = 4; lastKnownFileType = sourcecode.c.objc; path = "NSDate+JSCategory.m"; sourceTree = "<group>"; };
		FDEE66021DFE5D950078EE14 /* NSData+JSCategory.h */ = {isa = PBXFileReference; fileEncoding = 4; lastKnownFileType = sourcecode.c.h; path = "NSData+JSCategory.h"; sourceTree = "<group>"; };
		FDEE66031DFE5D950078EE14 /* NSData+JSCategory.m */ = {isa = PBXFileReference; fileEncoding = 4; lastKnownFileType = sourcecode.c.objc; path = "NSData+JSCategory.m"; sourceTree = "<group>"; };
		FDEE66051DFE92510078EE14 /* NSString+JSCategory.h */ = {isa = PBXFileReference; fileEncoding = 4; lastKnownFileType = sourcecode.c.h; path = "NSString+JSCategory.h"; sourceTree = "<group>"; };
		FDEE66061DFE92510078EE14 /* NSString+JSCategory.m */ = {isa = PBXFileReference; fileEncoding = 4; lastKnownFileType = sourcecode.c.objc; path = "NSString+JSCategory.m"; sourceTree = "<group>"; };
		FDEE66091DFEAB830078EE14 /* NSNumber+JSCategory.h */ = {isa = PBXFileReference; fileEncoding = 4; lastKnownFileType = sourcecode.c.h; path = "NSNumber+JSCategory.h"; sourceTree = "<group>"; };
		FDEE660A1DFEAB830078EE14 /* NSNumber+JSCategory.m */ = {isa = PBXFileReference; fileEncoding = 4; lastKnownFileType = sourcecode.c.objc; path = "NSNumber+JSCategory.m"; sourceTree = "<group>"; };
/* End PBXFileReference section */

/* Begin PBXFrameworksBuildPhase section */
		FD94819A1DF80E8D00AB75F3 /* Frameworks */ = {
			isa = PBXFrameworksBuildPhase;
			buildActionMask = 2147483647;
			files = (
				FD6267091DF9514500536BC2 /* libz.tbd in Frameworks */,
			);
			runOnlyForDeploymentPostprocessing = 0;
		};
		FD9481B31DF80E8D00AB75F3 /* Frameworks */ = {
			isa = PBXFrameworksBuildPhase;
			buildActionMask = 2147483647;
			files = (
			);
			runOnlyForDeploymentPostprocessing = 0;
		};
		FD9481BE1DF80E8D00AB75F3 /* Frameworks */ = {
			isa = PBXFrameworksBuildPhase;
			buildActionMask = 2147483647;
			files = (
			);
			runOnlyForDeploymentPostprocessing = 0;
		};
/* End PBXFrameworksBuildPhase section */

/* Begin PBXGroup section */
		FD6266F91DF9510500536BC2 /* Frameworks */ = {
			isa = PBXGroup;
			children = (
				FD6267081DF9514500536BC2 /* libz.tbd */,
				FD6267061DF9513A00536BC2 /* UIKit.framework */,
				FD6267041DF9513200536BC2 /* CoreFoundation.framework */,
				FD6267021DF9512900536BC2 /* CoreText.framework */,
				FD6267001DF9511F00536BC2 /* ImageIO.framework */,
				FD6266FE1DF9511700536BC2 /* Accelerate.framework */,
				FD6266FC1DF9510E00536BC2 /* QuartzCore.framework */,
				FD6266FA1DF9510500536BC2 /* CoreGraphics.framework */,
			);
			name = Frameworks;
			sourceTree = "<group>";
		};
		FD9481941DF80E8D00AB75F3 = {
			isa = PBXGroup;
			children = (
				FD9481D31DF80EBE00AB75F3 /* JSCategory */,
				FD94819F1DF80E8D00AB75F3 /* JSCategoryDemo */,
				FD9481B91DF80E8D00AB75F3 /* JSCategoryDemoTests */,
				FD9481C41DF80E8D00AB75F3 /* JSCategoryDemoUITests */,
				FD94819E1DF80E8D00AB75F3 /* Products */,
				FD6266F91DF9510500536BC2 /* Frameworks */,
			);
			sourceTree = "<group>";
		};
		FD94819E1DF80E8D00AB75F3 /* Products */ = {
			isa = PBXGroup;
			children = (
				FD94819D1DF80E8D00AB75F3 /* JSCategoryDemo.app */,
				FD9481B61DF80E8D00AB75F3 /* JSCategoryDemoTests.xctest */,
				FD9481C11DF80E8D00AB75F3 /* JSCategoryDemoUITests.xctest */,
			);
			name = Products;
			sourceTree = "<group>";
		};
		FD94819F1DF80E8D00AB75F3 /* JSCategoryDemo */ = {
			isa = PBXGroup;
			children = (
				FD9481A31DF80E8D00AB75F3 /* AppDelegate.h */,
				FD9481A41DF80E8D00AB75F3 /* AppDelegate.m */,
				FD9481A61DF80E8D00AB75F3 /* ViewController.h */,
				FD9481A71DF80E8D00AB75F3 /* ViewController.m */,
				FD9481A91DF80E8D00AB75F3 /* Main.storyboard */,
				FD9481AC1DF80E8D00AB75F3 /* Assets.xcassets */,
				FD9481AE1DF80E8D00AB75F3 /* LaunchScreen.storyboard */,
				FD9481B11DF80E8D00AB75F3 /* Info.plist */,
				FD9481A01DF80E8D00AB75F3 /* Supporting Files */,
			);
			path = JSCategoryDemo;
			sourceTree = "<group>";
		};
		FD9481A01DF80E8D00AB75F3 /* Supporting Files */ = {
			isa = PBXGroup;
			children = (
				FD9481A11DF80E8D00AB75F3 /* main.m */,
			);
			name = "Supporting Files";
			sourceTree = "<group>";
		};
		FD9481B91DF80E8D00AB75F3 /* JSCategoryDemoTests */ = {
			isa = PBXGroup;
			children = (
				FD9481BA1DF80E8D00AB75F3 /* JSCategoryDemoTests.m */,
				FD9481BC1DF80E8D00AB75F3 /* Info.plist */,
			);
			path = JSCategoryDemoTests;
			sourceTree = "<group>";
		};
		FD9481C41DF80E8D00AB75F3 /* JSCategoryDemoUITests */ = {
			isa = PBXGroup;
			children = (
				FD9481C51DF80E8D00AB75F3 /* JSCategoryDemoUITests.m */,
				FD9481C71DF80E8D00AB75F3 /* Info.plist */,
			);
			path = JSCategoryDemoUITests;
			sourceTree = "<group>";
		};
		FD9481D31DF80EBE00AB75F3 /* JSCategory */ = {
			isa = PBXGroup;
			children = (
				FDEE66081DFEAB690078EE14 /* NSNumber */,
				FDBEAD771DF92EA700EF0B4A /* NSData */,
				FD9481D51DF80EED00AB75F3 /* NSString */,
				FD9481D41DF80EED00AB75F3 /* NSDate */,
			);
			path = JSCategory;
			sourceTree = "<group>";
		};
		FD9481D41DF80EED00AB75F3 /* NSDate */ = {
			isa = PBXGroup;
			children = (
				FDEE65FA1DFE2A120078EE14 /* NSDate+JSCategory.h */,
				FDEE65FB1DFE2A120078EE14 /* NSDate+JSCategory.m */,
			);
			path = NSDate;
			sourceTree = "<group>";
		};
		FD9481D51DF80EED00AB75F3 /* NSString */ = {
			isa = PBXGroup;
			children = (
				FDEE66051DFE92510078EE14 /* NSString+JSCategory.h */,
				FDEE66061DFE92510078EE14 /* NSString+JSCategory.m */,
			);
			path = NSString;
			sourceTree = "<group>";
		};
		FDBEAD771DF92EA700EF0B4A /* NSData */ = {
			isa = PBXGroup;
			children = (
				FDEE66021DFE5D950078EE14 /* NSData+JSCategory.h */,
				FDEE66031DFE5D950078EE14 /* NSData+JSCategory.m */,
			);
			path = NSData;
			sourceTree = "<group>";
		};
		FDEE66081DFEAB690078EE14 /* NSNumber */ = {
			isa = PBXGroup;
			children = (
				FDEE66091DFEAB830078EE14 /* NSNumber+JSCategory.h */,
				FDEE660A1DFEAB830078EE14 /* NSNumber+JSCategory.m */,
			);
			path = NSNumber;
			sourceTree = "<group>";
		};
/* End PBXGroup section */

/* Begin PBXNativeTarget section */
		FD94819C1DF80E8D00AB75F3 /* JSCategoryDemo */ = {
			isa = PBXNativeTarget;
			buildConfigurationList = FD9481CA1DF80E8D00AB75F3 /* Build configuration list for PBXNativeTarget "JSCategoryDemo" */;
			buildPhases = (
				FD9481991DF80E8D00AB75F3 /* Sources */,
				FD94819A1DF80E8D00AB75F3 /* Frameworks */,
				FD94819B1DF80E8D00AB75F3 /* Resources */,
			);
			buildRules = (
			);
			dependencies = (
			);
			name = JSCategoryDemo;
			productName = JSCategoryDemo;
			productReference = FD94819D1DF80E8D00AB75F3 /* JSCategoryDemo.app */;
			productType = "com.apple.product-type.application";
		};
		FD9481B51DF80E8D00AB75F3 /* JSCategoryDemoTests */ = {
			isa = PBXNativeTarget;
			buildConfigurationList = FD9481CD1DF80E8D00AB75F3 /* Build configuration list for PBXNativeTarget "JSCategoryDemoTests" */;
			buildPhases = (
				FD9481B21DF80E8D00AB75F3 /* Sources */,
				FD9481B31DF80E8D00AB75F3 /* Frameworks */,
				FD9481B41DF80E8D00AB75F3 /* Resources */,
			);
			buildRules = (
			);
			dependencies = (
				FD9481B81DF80E8D00AB75F3 /* PBXTargetDependency */,
			);
			name = JSCategoryDemoTests;
			productName = JSCategoryDemoTests;
			productReference = FD9481B61DF80E8D00AB75F3 /* JSCategoryDemoTests.xctest */;
			productType = "com.apple.product-type.bundle.unit-test";
		};
		FD9481C01DF80E8D00AB75F3 /* JSCategoryDemoUITests */ = {
			isa = PBXNativeTarget;
			buildConfigurationList = FD9481D01DF80E8D00AB75F3 /* Build configuration list for PBXNativeTarget "JSCategoryDemoUITests" */;
			buildPhases = (
				FD9481BD1DF80E8D00AB75F3 /* Sources */,
				FD9481BE1DF80E8D00AB75F3 /* Frameworks */,
				FD9481BF1DF80E8D00AB75F3 /* Resources */,
			);
			buildRules = (
			);
			dependencies = (
				FD9481C31DF80E8D00AB75F3 /* PBXTargetDependency */,
			);
			name = JSCategoryDemoUITests;
			productName = JSCategoryDemoUITests;
			productReference = FD9481C11DF80E8D00AB75F3 /* JSCategoryDemoUITests.xctest */;
			productType = "com.apple.product-type.bundle.ui-testing";
		};
/* End PBXNativeTarget section */

/* Begin PBXProject section */
		FD9481951DF80E8D00AB75F3 /* Project object */ = {
			isa = PBXProject;
			attributes = {
				LastUpgradeCheck = 0810;
				ORGANIZATIONNAME = "菅思博";
				TargetAttributes = {
					FD94819C1DF80E8D00AB75F3 = {
						CreatedOnToolsVersion = 8.0;
						ProvisioningStyle = Automatic;
					};
					FD9481B51DF80E8D00AB75F3 = {
						CreatedOnToolsVersion = 8.0;
						ProvisioningStyle = Automatic;
						TestTargetID = FD94819C1DF80E8D00AB75F3;
					};
					FD9481C01DF80E8D00AB75F3 = {
						CreatedOnToolsVersion = 8.0;
						ProvisioningStyle = Automatic;
						TestTargetID = FD94819C1DF80E8D00AB75F3;
					};
				};
			};
			buildConfigurationList = FD9481981DF80E8D00AB75F3 /* Build configuration list for PBXProject "JSCategoryDemo" */;
			compatibilityVersion = "Xcode 3.2";
			developmentRegion = English;
			hasScannedForEncodings = 0;
			knownRegions = (
				en,
				Base,
			);
			mainGroup = FD9481941DF80E8D00AB75F3;
			productRefGroup = FD94819E1DF80E8D00AB75F3 /* Products */;
			projectDirPath = "";
			projectRoot = "";
			targets = (
				FD94819C1DF80E8D00AB75F3 /* JSCategoryDemo */,
				FD9481B51DF80E8D00AB75F3 /* JSCategoryDemoTests */,
				FD9481C01DF80E8D00AB75F3 /* JSCategoryDemoUITests */,
			);
		};
/* End PBXProject section */

/* Begin PBXResourcesBuildPhase section */
		FD94819B1DF80E8D00AB75F3 /* Resources */ = {
			isa = PBXResourcesBuildPhase;
			buildActionMask = 2147483647;
			files = (
				FD9481B01DF80E8D00AB75F3 /* LaunchScreen.storyboard in Resources */,
				FD9481AD1DF80E8D00AB75F3 /* Assets.xcassets in Resources */,
				FD9481AB1DF80E8D00AB75F3 /* Main.storyboard in Resources */,
			);
			runOnlyForDeploymentPostprocessing = 0;
		};
		FD9481B41DF80E8D00AB75F3 /* Resources */ = {
			isa = PBXResourcesBuildPhase;
			buildActionMask = 2147483647;
			files = (
			);
			runOnlyForDeploymentPostprocessing = 0;
		};
		FD9481BF1DF80E8D00AB75F3 /* Resources */ = {
			isa = PBXResourcesBuildPhase;
			buildActionMask = 2147483647;
			files = (
			);
			runOnlyForDeploymentPostprocessing = 0;
		};
/* End PBXResourcesBuildPhase section */

/* Begin PBXSourcesBuildPhase section */
		FD9481991DF80E8D00AB75F3 /* Sources */ = {
			isa = PBXSourcesBuildPhase;
			buildActionMask = 2147483647;
			files = (
				FDEE660B1DFEAB830078EE14 /* NSNumber+JSCategory.m in Sources */,
				FD6266F81DF94FAF00536BC2 /* main.m in Sources */,
				FD6266F71DF94FAB00536BC2 /* ViewController.m in Sources */,
				FDEE66071DFE92510078EE14 /* NSString+JSCategory.m in Sources */,
				FD6266F61DF94FA700536BC2 /* AppDelegate.m in Sources */,
				FDEE66041DFE5D950078EE14 /* NSData+JSCategory.m in Sources */,
				FDEE65FC1DFE2A120078EE14 /* NSDate+JSCategory.m in Sources */,
			);
			runOnlyForDeploymentPostprocessing = 0;
		};
		FD9481B21DF80E8D00AB75F3 /* Sources */ = {
			isa = PBXSourcesBuildPhase;
			buildActionMask = 2147483647;
			files = (
				FD9481BB1DF80E8D00AB75F3 /* JSCategoryDemoTests.m in Sources */,
			);
			runOnlyForDeploymentPostprocessing = 0;
		};
		FD9481BD1DF80E8D00AB75F3 /* Sources */ = {
			isa = PBXSourcesBuildPhase;
			buildActionMask = 2147483647;
			files = (
				FD9481C61DF80E8D00AB75F3 /* JSCategoryDemoUITests.m in Sources */,
			);
			runOnlyForDeploymentPostprocessing = 0;
		};
/* End PBXSourcesBuildPhase section */

/* Begin PBXTargetDependency section */
		FD9481B81DF80E8D00AB75F3 /* PBXTargetDependency */ = {
			isa = PBXTargetDependency;
			target = FD94819C1DF80E8D00AB75F3 /* JSCategoryDemo */;
			targetProxy = FD9481B71DF80E8D00AB75F3 /* PBXContainerItemProxy */;
		};
		FD9481C31DF80E8D00AB75F3 /* PBXTargetDependency */ = {
			isa = PBXTargetDependency;
			target = FD94819C1DF80E8D00AB75F3 /* JSCategoryDemo */;
			targetProxy = FD9481C21DF80E8D00AB75F3 /* PBXContainerItemProxy */;
		};
/* End PBXTargetDependency section */

/* Begin PBXVariantGroup section */
		FD9481A91DF80E8D00AB75F3 /* Main.storyboard */ = {
			isa = PBXVariantGroup;
			children = (
				FD9481AA1DF80E8D00AB75F3 /* Base */,
			);
			name = Main.storyboard;
			sourceTree = "<group>";
		};
		FD9481AE1DF80E8D00AB75F3 /* LaunchScreen.storyboard */ = {
			isa = PBXVariantGroup;
			children = (
				FD9481AF1DF80E8D00AB75F3 /* Base */,
			);
			name = LaunchScreen.storyboard;
			sourceTree = "<group>";
		};
/* End PBXVariantGroup section */

/* Begin XCBuildConfiguration section */
		FD9481C81DF80E8D00AB75F3 /* Debug */ = {
			isa = XCBuildConfiguration;
			buildSettings = {
				ALWAYS_SEARCH_USER_PATHS = NO;
				CLANG_ANALYZER_NONNULL = YES;
				CLANG_CXX_LANGUAGE_STANDARD = "gnu++0x";
				CLANG_CXX_LIBRARY = "libc++";
				CLANG_ENABLE_MODULES = YES;
				CLANG_ENABLE_OBJC_ARC = YES;
				CLANG_WARN_BOOL_CONVERSION = YES;
				CLANG_WARN_CONSTANT_CONVERSION = YES;
				CLANG_WARN_DIRECT_OBJC_ISA_USAGE = YES_ERROR;
				CLANG_WARN_DOCUMENTATION_COMMENTS = YES;
				CLANG_WARN_EMPTY_BODY = YES;
				CLANG_WARN_ENUM_CONVERSION = YES;
				CLANG_WARN_INFINITE_RECURSION = YES;
				CLANG_WARN_INT_CONVERSION = YES;
				CLANG_WARN_OBJC_ROOT_CLASS = YES_ERROR;
				CLANG_WARN_SUSPICIOUS_MOVE = YES;
				CLANG_WARN_SUSPICIOUS_MOVES = YES;
				CLANG_WARN_UNREACHABLE_CODE = YES;
				CLANG_WARN__DUPLICATE_METHOD_MATCH = YES;
				"CODE_SIGN_IDENTITY[sdk=iphoneos*]" = "iPhone Developer";
				COPY_PHASE_STRIP = NO;
				DEBUG_INFORMATION_FORMAT = dwarf;
				ENABLE_STRICT_OBJC_MSGSEND = YES;
				ENABLE_TESTABILITY = YES;
				GCC_C_LANGUAGE_STANDARD = gnu99;
				GCC_DYNAMIC_NO_PIC = NO;
				GCC_NO_COMMON_BLOCKS = YES;
				GCC_OPTIMIZATION_LEVEL = 0;
				GCC_PREPROCESSOR_DEFINITIONS = (
					"DEBUG=1",
					"$(inherited)",
				);
				GCC_WARN_64_TO_32_BIT_CONVERSION = YES;
				GCC_WARN_ABOUT_RETURN_TYPE = YES_ERROR;
				GCC_WARN_UNDECLARED_SELECTOR = YES;
				GCC_WARN_UNINITIALIZED_AUTOS = YES_AGGRESSIVE;
				GCC_WARN_UNUSED_FUNCTION = YES;
				GCC_WARN_UNUSED_VARIABLE = YES;
				IPHONEOS_DEPLOYMENT_TARGET = 8.0;
				MTL_ENABLE_DEBUG_INFO = YES;
				ONLY_ACTIVE_ARCH = YES;
				SDKROOT = iphoneos;
				TARGETED_DEVICE_FAMILY = "1,2";
			};
			name = Debug;
		};
		FD9481C91DF80E8D00AB75F3 /* Release */ = {
			isa = XCBuildConfiguration;
			buildSettings = {
				ALWAYS_SEARCH_USER_PATHS = NO;
				CLANG_ANALYZER_NONNULL = YES;
				CLANG_CXX_LANGUAGE_STANDARD = "gnu++0x";
				CLANG_CXX_LIBRARY = "libc++";
				CLANG_ENABLE_MODULES = YES;
				CLANG_ENABLE_OBJC_ARC = YES;
				CLANG_WARN_BOOL_CONVERSION = YES;
				CLANG_WARN_CONSTANT_CONVERSION = YES;
				CLANG_WARN_DIRECT_OBJC_ISA_USAGE = YES_ERROR;
				CLANG_WARN_DOCUMENTATION_COMMENTS = YES;
				CLANG_WARN_EMPTY_BODY = YES;
				CLANG_WARN_ENUM_CONVERSION = YES;
				CLANG_WARN_INFINITE_RECURSION = YES;
				CLANG_WARN_INT_CONVERSION = YES;
				CLANG_WARN_OBJC_ROOT_CLASS = YES_ERROR;
				CLANG_WARN_SUSPICIOUS_MOVE = YES;
				CLANG_WARN_SUSPICIOUS_MOVES = YES;
				CLANG_WARN_UNREACHABLE_CODE = YES;
				CLANG_WARN__DUPLICATE_METHOD_MATCH = YES;
				"CODE_SIGN_IDENTITY[sdk=iphoneos*]" = "iPhone Developer";
				COPY_PHASE_STRIP = NO;
				DEBUG_INFORMATION_FORMAT = "dwarf-with-dsym";
				ENABLE_NS_ASSERTIONS = NO;
				ENABLE_STRICT_OBJC_MSGSEND = YES;
				GCC_C_LANGUAGE_STANDARD = gnu99;
				GCC_NO_COMMON_BLOCKS = YES;
				GCC_WARN_64_TO_32_BIT_CONVERSION = YES;
				GCC_WARN_ABOUT_RETURN_TYPE = YES_ERROR;
				GCC_WARN_UNDECLARED_SELECTOR = YES;
				GCC_WARN_UNINITIALIZED_AUTOS = YES_AGGRESSIVE;
				GCC_WARN_UNUSED_FUNCTION = YES;
				GCC_WARN_UNUSED_VARIABLE = YES;
				IPHONEOS_DEPLOYMENT_TARGET = 8.0;
				MTL_ENABLE_DEBUG_INFO = NO;
				SDKROOT = iphoneos;
				TARGETED_DEVICE_FAMILY = "1,2";
				VALIDATE_PRODUCT = YES;
			};
			name = Release;
		};
		FD9481CB1DF80E8D00AB75F3 /* Debug */ = {
			isa = XCBuildConfiguration;
			buildSettings = {
				ASSETCATALOG_COMPILER_APPICON_NAME = AppIcon;
				INFOPLIST_FILE = JSCategoryDemo/Info.plist;
				IPHONEOS_DEPLOYMENT_TARGET = 8.0;
				LD_RUNPATH_SEARCH_PATHS = "$(inherited) @executable_path/Frameworks";
				PRODUCT_BUNDLE_IDENTIFIER = com.Spirit.JSCategoryDemo;
				PRODUCT_NAME = "$(TARGET_NAME)";
			};
			name = Debug;
		};
		FD9481CC1DF80E8D00AB75F3 /* Release */ = {
			isa = XCBuildConfiguration;
			buildSettings = {
				ASSETCATALOG_COMPILER_APPICON_NAME = AppIcon;
				INFOPLIST_FILE = JSCategoryDemo/Info.plist;
				IPHONEOS_DEPLOYMENT_TARGET = 8.0;
				LD_RUNPATH_SEARCH_PATHS = "$(inherited) @executable_path/Frameworks";
				PRODUCT_BUNDLE_IDENTIFIER = com.Spirit.JSCategoryDemo;
				PRODUCT_NAME = "$(TARGET_NAME)";
			};
			name = Release;
		};
		FD9481CE1DF80E8D00AB75F3 /* Debug */ = {
			isa = XCBuildConfiguration;
			buildSettings = {
				BUNDLE_LOADER = "$(TEST_HOST)";
				INFOPLIST_FILE = JSCategoryDemoTests/Info.plist;
				LD_RUNPATH_SEARCH_PATHS = "$(inherited) @executable_path/Frameworks @loader_path/Frameworks";
				PRODUCT_BUNDLE_IDENTIFIER = com.Spirit.JSCategoryDemoTests;
				PRODUCT_NAME = "$(TARGET_NAME)";
				TEST_HOST = "$(BUILT_PRODUCTS_DIR)/JSCategoryDemo.app/JSCategoryDemo";
			};
			name = Debug;
		};
		FD9481CF1DF80E8D00AB75F3 /* Release */ = {
			isa = XCBuildConfiguration;
			buildSettings = {
				BUNDLE_LOADER = "$(TEST_HOST)";
				INFOPLIST_FILE = JSCategoryDemoTests/Info.plist;
				LD_RUNPATH_SEARCH_PATHS = "$(inherited) @executable_path/Frameworks @loader_path/Frameworks";
				PRODUCT_BUNDLE_IDENTIFIER = com.Spirit.JSCategoryDemoTests;
				PRODUCT_NAME = "$(TARGET_NAME)";
				TEST_HOST = "$(BUILT_PRODUCTS_DIR)/JSCategoryDemo.app/JSCategoryDemo";
			};
			name = Release;
		};
		FD9481D11DF80E8D00AB75F3 /* Debug */ = {
			isa = XCBuildConfiguration;
			buildSettings = {
				INFOPLIST_FILE = JSCategoryDemoUITests/Info.plist;
				LD_RUNPATH_SEARCH_PATHS = "$(inherited) @executable_path/Frameworks @loader_path/Frameworks";
				PRODUCT_BUNDLE_IDENTIFIER = com.Spirit.JSCategoryDemoUITests;
				PRODUCT_NAME = "$(TARGET_NAME)";
				TEST_TARGET_NAME = JSCategoryDemo;
			};
			name = Debug;
		};
		FD9481D21DF80E8D00AB75F3 /* Release */ = {
			isa = XCBuildConfiguration;
			buildSettings = {
				INFOPLIST_FILE = JSCategoryDemoUITests/Info.plist;
				LD_RUNPATH_SEARCH_PATHS = "$(inherited) @executable_path/Frameworks @loader_path/Frameworks";
				PRODUCT_BUNDLE_IDENTIFIER = com.Spirit.JSCategoryDemoUITests;
				PRODUCT_NAME = "$(TARGET_NAME)";
				TEST_TARGET_NAME = JSCategoryDemo;
			};
			name = Release;
		};
/* End XCBuildConfiguration section */

/* Begin XCConfigurationList section */
		FD9481981DF80E8D00AB75F3 /* Build configuration list for PBXProject "JSCategoryDemo" */ = {
			isa = XCConfigurationList;
			buildConfigurations = (
				FD9481C81DF80E8D00AB75F3 /* Debug */,
				FD9481C91DF80E8D00AB75F3 /* Release */,
			);
			defaultConfigurationIsVisible = 0;
			defaultConfigurationName = Release;
		};
		FD9481CA1DF80E8D00AB75F3 /* Build configuration list for PBXNativeTarget "JSCategoryDemo" */ = {
			isa = XCConfigurationList;
			buildConfigurations = (
				FD9481CB1DF80E8D00AB75F3 /* Debug */,
				FD9481CC1DF80E8D00AB75F3 /* Release */,
			);
			defaultConfigurationIsVisible = 0;
			defaultConfigurationName = Release;
		};
		FD9481CD1DF80E8D00AB75F3 /* Build configuration list for PBXNativeTarget "JSCategoryDemoTests" */ = {
			isa = XCConfigurationList;
			buildConfigurations = (
				FD9481CE1DF80E8D00AB75F3 /* Debug */,
				FD9481CF1DF80E8D00AB75F3 /* Release */,
			);
			defaultConfigurationIsVisible = 0;
			defaultConfigurationName = Release;
		};
		FD9481D01DF80E8D00AB75F3 /* Build configuration list for PBXNativeTarget "JSCategoryDemoUITests" */ = {
			isa = XCConfigurationList;
			buildConfigurations = (
				FD9481D11DF80E8D00AB75F3 /* Debug */,
				FD9481D21DF80E8D00AB75F3 /* Release */,
			);
			defaultConfigurationIsVisible = 0;
			defaultConfigurationName = Release;
		};
/* End XCConfigurationList section */
	};
	rootObject = FD9481951DF80E8D00AB75F3 /* Project object */;
}
